
Microsoft Visual Studio Solution File, Format Version 12.00
# Visual Studio Version 17
VisualStudioVersion = 17.0.31903.59
MinimumVisualStudioVersion = 10.0.40219.1
Project("{FAE04EC0-301F-11D3-BF4B-00C04F79EFBC}") = "WebAPI", "WebAPI\WebAPI.csproj", "{62576A78-4A32-41C1-AEF8-AFA2D94784D8}"
EndProject
Project("{FAE04EC0-301F-11D3-BF4B-00C04F79EFBC}") = "ConsoleClient", "ConsoleClient\ConsoleClient.csproj", "{07EC0841-5515-440D-B32F-443521A40899}"
EndProject
Project("{FAE04EC0-301F-11D3-BF4B-00C04F79EFBC}") = "SharedModels", "SharedModels\SharedModels.csproj", "{B91927E2-2544-434D-9B77-7A089D76F572}"
EndProject
Global
	GlobalSection(SolutionConfigurationPlatforms) = preSolution
		Debug|Any CPU = Debug|Any CPU
		Debug|x64 = Debug|x64
		Debug|x86 = Debug|x86
		Release|Any CPU = Release|Any CPU
		Release|x64 = Release|x64
		Release|x86 = Release|x86
	EndGlobalSection
	GlobalSection(ProjectConfigurationPlatforms) = postSolution
		{62576A78-4A32-41C1-AEF8-AFA2D94784D8}.Debug|Any CPU.ActiveCfg = Debug|Any CPU
		{62576A78-4A32-41C1-AEF8-AFA2D94784D8}.Debug|Any CPU.Build.0 = Debug|Any CPU
		{62576A78-4A32-41C1-AEF8-AFA2D94784D8}.Debug|x64.ActiveCfg = Debug|Any CPU
		{62576A78-4A32-41C1-AEF8-AFA2D94784D8}.Debug|x64.Build.0 = Debug|Any CPU
		{62576A78-4A32-41C1-AEF8-AFA2D94784D8}.Debug|x86.ActiveCfg = Debug|Any CPU
		{62576A78-4A32-41C1-AEF8-AFA2D94784D8}.Debug|x86.Build.0 = Debug|Any CPU
		{62576A78-4A32-41C1-AEF8-AFA2D94784D8}.Release|Any CPU.ActiveCfg = Release|Any CPU
		{62576A78-4A32-41C1-AEF8-AFA2D94784D8}.Release|Any CPU.Build.0 = Release|Any CPU
		{62576A78-4A32-41C1-AEF8-AFA2D94784D8}.Release|x64.ActiveCfg = Release|Any CPU
		{62576A78-4A32-41C1-AEF8-AFA2D94784D8}.Release|x64.Build.0 = Release|Any CPU
		{62576A78-4A32-41C1-AEF8-AFA2D94784D8}.Release|x86.ActiveCfg = Release|Any CPU
		{62576A78-4A32-41C1-AEF8-AFA2D94784D8}.Release|x86.Build.0 = Release|Any CPU
		{07EC0841-5515-440D-B32F-443521A40899}.Debug|Any CPU.ActiveCfg = Debug|Any CPU
		{07EC0841-5515-440D-B32F-443521A40899}.Debug|Any CPU.Build.0 = Debug|Any CPU
		{07EC0841-5515-440D-B32F-443521A40899}.Debug|x64.ActiveCfg = Debug|Any CPU
		{07EC0841-5515-440D-B32F-443521A40899}.Debug|x64.Build.0 = Debug|Any CPU
		{07EC0841-5515-440D-B32F-443521A40899}.Debug|x86.ActiveCfg = Debug|Any CPU
		{07EC0841-5515-440D-B32F-443521A40899}.Debug|x86.Build.0 = Debug|Any CPU
		{07EC0841-5515-440D-B32F-443521A40899}.Release|Any CPU.ActiveCfg = Release|Any CPU
		{07EC0841-5515-440D-B32F-443521A40899}.Release|Any CPU.Build.0 = Release|Any CPU
		{07EC0841-5515-440D-B32F-443521A40899}.Release|x64.ActiveCfg = Release|Any CPU
		{07EC0841-5515-440D-B32F-443521A40899}.Release|x64.Build.0 = Release|Any CPU
		{07EC0841-5515-440D-B32F-443521A40899}.Release|x86.ActiveCfg = Release|Any CPU
		{07EC0841-5515-440D-B32F-443521A40899}.Release|x86.Build.0 = Release|Any CPU
		{B91927E2-2544-434D-9B77-7A089D76F572}.Debug|Any CPU.ActiveCfg = Debug|Any CPU
		{B91927E2-2544-434D-9B77-7A089D76F572}.Debug|Any CPU.Build.0 = Debug|Any CPU
		{B91927E2-2544-434D-9B77-7A089D76F572}.Debug|x64.ActiveCfg = Debug|Any CPU
		{B91927E2-2544-434D-9B77-7A089D76F572}.Debug|x64.Build.0 = Debug|Any CPU
		{B91927E2-2544-434D-9B77-7A089D76F572}.Debug|x86.ActiveCfg = Debug|Any CPU
		{B91927E2-2544-434D-9B77-7A089D76F572}.Debug|x86.Build.0 = Debug|Any CPU
		{B91927E2-2544-434D-9B77-7A089D76F572}.Release|Any CPU.ActiveCfg = Release|Any CPU
		{B91927E2-2544-434D-9B77-7A089D76F572}.Release|Any CPU.Build.0 = Release|Any CPU
		{B91927E2-2544-434D-9B77-7A089D76F572}.Release|x64.ActiveCfg = Release|Any CPU
		{B91927E2-2544-434D-9B77-7A089D76F572}.Release|x64.Build.0 = Release|Any CPU
		{B91927E2-2544-434D-9B77-7A089D76F572}.Release|x86.ActiveCfg = Release|Any CPU
		{B91927E2-2544-434D-9B77-7A089D76F572}.Release|x86.Build.0 = Release|Any CPU
	EndGlobalSection
	GlobalSection(SolutionProperties) = preSolution
		HideSolutionNode = FALSE
	EndGlobalSection
EndGlobal
